// !$*UTF8*$!
{
	archiveVersion = 1;
	classes = {
	};
	objectVersion = 46;
	objects = {

/* Begin PBXBuildFile section */
		7078B5061EC721FA00893F6C /* AppDelegate.swift in Sources */ = {isa = PBXBuildFile; fileRef = 7078B5051EC721FA00893F6C /* AppDelegate.swift */; };
		7078B5081EC721FA00893F6C /* ViewController.swift in Sources */ = {isa = PBXBuildFile; fileRef = 7078B5071EC721FA00893F6C /* ViewController.swift */; };
		7078B50B1EC721FA00893F6C /* Main.storyboard in Resources */ = {isa = PBXBuildFile; fileRef = 7078B5091EC721FA00893F6C /* Main.storyboard */; };
		7078B50D1EC721FA00893F6C /* Assets.xcassets in Resources */ = {isa = PBXBuildFile; fileRef = 7078B50C1EC721FA00893F6C /* Assets.xcassets */; };
		7078B5101EC721FA00893F6C /* LaunchScreen.storyboard in Resources */ = {isa = PBXBuildFile; fileRef = 7078B50E1EC721FA00893F6C /* LaunchScreen.storyboard */; };
		7078B5181EC7224B00893F6C /* ClipImageVC.swift in Sources */ = {isa = PBXBuildFile; fileRef = 7078B5171EC7224B00893F6C /* ClipImageVC.swift */; };
/* End PBXBuildFile section */

/* Begin PBXFileReference section */
		7078B5021EC721FA00893F6C /* ClipImage.app */ = {isa = PBXFileReference; explicitFileType = wrapper.application; includeInIndex = 0; path = ClipImage.app; sourceTree = BUILT_PRODUCTS_DIR; };
		7078B5051EC721FA00893F6C /* AppDelegate.swift */ = {isa = PBXFileReference; lastKnownFileType = sourcecode.swift; path = AppDelegate.swift; sourceTree = "<group>"; };
		7078B5071EC721FA00893F6C /* ViewController.swift */ = {isa = PBXFileReference; lastKnownFileType = sourcecode.swift; path = ViewController.swift; sourceTree = "<group>"; };
		7078B50A1EC721FA00893F6C /* Base */ = {isa = PBXFileReference; lastKnownFileType = file.storyboard; name = Base; path = Base.lproj/Main.storyboard; sourceTree = "<group>"; };
		7078B50C1EC721FA00893F6C /* Assets.xcassets */ = {isa = PBXFileReference; lastKnownFileType = folder.assetcatalog; path = Assets.xcassets; sourceTree = "<group>"; };
		7078B50F1EC721FA00893F6C /* Base */ = {isa = PBXFileReference; lastKnownFileType = file.storyboard; name = Base; path = Base.lproj/LaunchScreen.storyboard; sourceTree = "<group>"; };
		7078B5111EC721FA00893F6C /* Info.plist */ = {isa = PBXFileReference; lastKnownFileType = text.plist.xml; path = Info.plist; sourceTree = "<group>"; };
		7078B5171EC7224B00893F6C /* ClipImageVC.swift */ = {isa = PBXFileReference; fileEncoding = 4; lastKnownFileType = sourcecode.swift; path = ClipImageVC.swift; sourceTree = "<group>"; };
/* End PBXFileReference section */

/* Begin PBXFrameworksBuildPhase section */
		7078B4FF1EC721FA00893F6C /* Frameworks */ = {
			isa = PBXFrameworksBuildPhase;
			buildActionMask = 2147483647;
			files = (
			);
			runOnlyForDeploymentPostprocessing = 0;
		};
/* End PBXFrameworksBuildPhase section */

/* Begin PBXGroup section */
		7078B4F91EC721FA00893F6C = {
			isa = PBXGroup;
			children = (
				7078B5041EC721FA00893F6C /* ClipImage */,
				7078B5031EC721FA00893F6C /* Products */,
			);
			sourceTree = "<group>";
		};
		7078B5031EC721FA00893F6C /* Products */ = {
			isa = PBXGroup;
			children = (
				7078B5021EC721FA00893F6C /* ClipImage.app */,
			);
			name = Products;
			sourceTree = "<group>";
		};
		7078B5041EC721FA00893F6C /* ClipImage */ = {
			isa = PBXGroup;
			children = (
				7078B5051EC721FA00893F6C /* AppDelegate.swift */,
				7078B5071EC721FA00893F6C /* ViewController.swift */,
				7078B5171EC7224B00893F6C /* ClipImageVC.swift */,
				7078B5091EC721FA00893F6C /* Main.storyboard */,
				7078B50C1EC721FA00893F6C /* Assets.xcassets */,
				7078B50E1EC721FA00893F6C /* LaunchScreen.storyboard */,
				7078B5111EC721FA00893F6C /* Info.plist */,
			);
			path = ClipImage;
			sourceTree = "<group>";
		};
/* End PBXGroup section */

/* Begin PBXNativeTarget section */
		7078B5011EC721FA00893F6C /* ClipImage */ = {
			isa = PBXNativeTarget;
			buildConfigurationList = 7078B5141EC721FA00893F6C /* Build configuration list for PBXNativeTarget "ClipImage" */;
			buildPhases = (
				7078B4FE1EC721FA00893F6C /* Sources */,
				7078B4FF1EC721FA00893F6C /* Frameworks */,
				7078B5001EC721FA00893F6C /* Resources */,
			);
			buildRules = (
			);
			dependencies = (
			);
			name = ClipImage;
			productName = ClipImage;
			productReference = 7078B5021EC721FA00893F6C /* ClipImage.app */;
			productType = "com.apple.product-type.application";
		};
/* End PBXNativeTarget section */

/* Begin PBXProject section */
		7078B4FA1EC721FA00893F6C /* Project object */ = {
			isa = PBXProject;
			attributes = {
				LastSwiftUpdateCheck = 0830;
				LastUpgradeCheck = 1020;
				ORGANIZATIONNAME = hujunhua;
				TargetAttributes = {
					7078B5011EC721FA00893F6C = {
						CreatedOnToolsVersion = 8.3.2;
						ProvisioningStyle = Automatic;
					};
				};
			};
			buildConfigurationList = 7078B4FD1EC721FA00893F6C /* Build configuration list for PBXProject "ClipImage" */;
			compatibilityVersion = "Xcode 3.2";
			developmentRegion = en;
			hasScannedForEncodings = 0;
			knownRegions = (
				en,
				Base,
			);
			mainGroup = 7078B4F91EC721FA00893F6C;
			productRefGroup = 7078B5031EC721FA00893F6C /* Products */;
			projectDirPath = "";
			projectRoot = "";
			targets = (
				7078B5011EC721FA00893F6C /* ClipImage */,
			);
		};
/* End PBXProject section */

/* Begin PBXResourcesBuildPhase section */
		7078B5001EC721FA00893F6C /* Resources */ = {
			isa = PBXResourcesBuildPhase;
			buildActionMask = 2147483647;
			files = (
				7078B5101EC721FA00893F6C /* LaunchScreen.storyboard in Resources */,
				7078B50D1EC721FA00893F6C /* Assets.xcassets in Resources */,
				7078B50B1EC721FA00893F6C /* Main.storyboard in Resources */,
			);
			runOnlyForDeploymentPostprocessing = 0;
		};
/* End PBXResourcesBuildPhase section */

/* Begin PBXSourcesBuildPhase section */
		7078B4FE1EC721FA00893F6C /* Sources */ = {
			isa = PBXSourcesBuildPhase;
			buildActionMask = 2147483647;
			files = (
				7078B5081EC721FA00893F6C /* ViewController.swift in Sources */,
				7078B5181EC7224B00893F6C /* ClipImageVC.swift in Sources */,
				7078B5061EC721FA00893F6C /* AppDelegate.swift in Sources */,
			);
			runOnlyForDeploymentPostprocessing = 0;
		};
/* End PBXSourcesBuildPhase section */

/* Begin PBXVariantGroup section */
		7078B5091EC721FA00893F6C /* Main.storyboard */ = {
			isa = PBXVariantGroup;
			children = (
				7078B50A1EC721FA00893F6C /* Base */,
			);
			name = Main.storyboard;
			sourceTree = "<group>";
		};
		7078B50E1EC721FA00893F6C /* LaunchScreen.storyboard */ = {
			isa = PBXVariantGroup;
			children = (
				7078B50F1EC721FA00893F6C /* Base */,
			);
			name = LaunchScreen.storyboard;
			sourceTree = "<group>";
		};
/* End PBXVariantGroup section */

/* Begin XCBuildConfiguration section */
		7078B5121EC721FA00893F6C /* Debug */ = {
			isa = XCBuildConfiguration;
			buildSettings = {
				ALWAYS_SEARCH_USER_PATHS = NO;
				CLANG_ANALYZER_LOCALIZABILITY_NONLOCALIZED = YES;
				CLANG_ANALYZER_NONNULL = YES;
				CLANG_ANALYZER_NUMBER_OBJECT_CONVERSION = YES_AGGRESSIVE;
				CLANG_CXX_LANGUAGE_STANDARD = "gnu++0x";
				CLANG_CXX_LIBRARY = "libc++";
				CLANG_ENABLE_MODULES = YES;
				CLANG_ENABLE_OBJC_ARC = YES;
				CLANG_WARN_BLOCK_CAPTURE_AUTORELEASING = YES;
				CLANG_WARN_BOOL_CONVERSION = YES;
				CLANG_WARN_COMMA = YES;
				CLANG_WARN_CONSTANT_CONVERSION = YES;
				CLANG_WARN_DEPRECATED_OBJC_IMPLEMENTATIONS = YES;
				CLANG_WARN_DIRECT_OBJC_ISA_USAGE = YES_ERROR;
				CLANG_WARN_DOCUMENTATION_COMMENTS = YES;
				CLANG_WARN_EMPTY_BODY = YES;
				CLANG_WARN_ENUM_CONVERSION = YES;
				CLANG_WARN_INFINITE_RECURSION = YES;
				CLANG_WARN_INT_CONVERSION = YES;
				CLANG_WARN_NON_LITERAL_NULL_CONVERSION = YES;
				CLANG_WARN_OBJC_IMPLICIT_RETAIN_SELF = YES;
				CLANG_WARN_OBJC_LITERAL_CONVERSION = YES;
				CLANG_WARN_OBJC_ROOT_CLASS = YES_ERROR;
				CLANG_WARN_RANGE_LOOP_ANALYSIS = YES;
				CLANG_WARN_STRICT_PROTOTYPES = YES;
				CLANG_WARN_SUSPICIOUS_MOVE = YES;
				CLANG_WARN_UNREACHABLE_CODE = YES;
				CLANG_WARN__DUPLICATE_METHOD_MATCH = YES;
				"CODE_SIGN_IDENTITY[sdk=iphoneos*]" = "iPhone Developer";
				COPY_PHASE_STRIP = NO;
				DEBUG_INFORMATION_FORMAT = dwarf;
				ENABLE_STRICT_OBJC_MSGSEND = YES;
				ENABLE_TESTABILITY = YES;
				GCC_C_LANGUAGE_STANDARD = gnu99;
				GCC_DYNAMIC_NO_PIC = NO;
				GCC_NO_COMMON_BLOCKS = YES;
				GCC_OPTIMIZATION_LEVEL = 0;
				GCC_PREPROCESSOR_DEFINITIONS = (
					"DEBUG=1",
					"$(inherited)",
				);
				GCC_WARN_64_TO_32_BIT_CONVERSION = YES;
				GCC_WARN_ABOUT_RETURN_TYPE = YES_ERROR;
				GCC_WARN_UNDECLARED_SELECTOR = YES;
				GCC_WARN_UNINITIALIZED_AUTOS = YES_AGGRESSIVE;
				GCC_WARN_UNUSED_FUNCTION = YES;
				GCC_WARN_UNUSED_VARIABLE = YES;
				IPHONEOS_DEPLOYMENT_TARGET = 10.3;
				MTL_ENABLE_DEBUG_INFO = YES;
				ONLY_ACTIVE_ARCH = YES;
				SDKROOT = iphoneos;
				SWIFT_ACTIVE_COMPILATION_CONDITIONS = DEBUG;
				SWIFT_OPTIMIZATION_LEVEL = "-Onone";
			};
			name = Debug;
		};
		7078B5131EC721FA00893F6C /* Release */ = {
			isa = XCBuildConfiguration;
			buildSettings = {
				ALWAYS_SEARCH_USER_PATHS = NO;
				CLANG_ANALYZER_LOCALIZABILITY_NONLOCALIZED = YES;
				CLANG_ANALYZER_NONNULL = YES;
				CLANG_ANALYZER_NUMBER_OBJECT_CONVERSION = YES_AGGRESSIVE;
				CLANG_CXX_LANGUAGE_STANDARD = "gnu++0x";
				CLANG_CXX_LIBRARY = "libc++";
				CLANG_ENABLE_MODULES = YES;
				CLANG_ENABLE_OBJC_ARC = YES;
				CLANG_WARN_BLOCK_CAPTURE_AUTORELEASING = YES;
				CLANG_WARN_BOOL_CONVERSION = YES;
				CLANG_WARN_COMMA = YES;
				CLANG_WARN_CONSTANT_CONVERSION = YES;
				CLANG_WARN_DEPRECATED_OBJC_IMPLEMENTATIONS = YES;
				CLANG_WARN_DIRECT_OBJC_ISA_USAGE = YES_ERROR;
				CLANG_WARN_DOCUMENTATION_COMMENTS = YES;
				CLANG_WARN_EMPTY_BODY = YES;
				CLANG_WARN_ENUM_CONVERSION = YES;
				CLANG_WARN_INFINITE_RECURSION = YES;
				CLANG_WARN_INT_CONVERSION = YES;
				CLANG_WARN_NON_LITERAL_NULL_CONVERSION = YES;
				CLANG_WARN_OBJC_IMPLICIT_RETAIN_SELF = YES;
				CLANG_WARN_OBJC_LITERAL_CONVERSION = YES;
				CLANG_WARN_OBJC_ROOT_CLASS = YES_ERROR;
				CLANG_WARN_RANGE_LOOP_ANALYSIS = YES;
				CLANG_WARN_STRICT_PROTOTYPES = YES;
				CLANG_WARN_SUSPICIOUS_MOVE = YES;
				CLANG_WARN_UNREACHABLE_CODE = YES;
				CLANG_WARN__DUPLICATE_METHOD_MATCH = YES;
				"CODE_SIGN_IDENTITY[sdk=iphoneos*]" = "iPhone Developer";
				COPY_PHASE_STRIP = NO;
				DEBUG_INFORMATION_FORMAT = "dwarf-with-dsym";
				ENABLE_NS_ASSERTIONS = NO;
				ENABLE_STRICT_OBJC_MSGSEND = YES;
				GCC_C_LANGUAGE_STANDARD = gnu99;
				GCC_NO_COMMON_BLOCKS = YES;
				GCC_WARN_64_TO_32_BIT_CONVERSION = YES;
				GCC_WARN_ABOUT_RETURN_TYPE = YES_ERROR;
				GCC_WARN_UNDECLARED_SELECTOR = YES;
				GCC_WARN_UNINITIALIZED_AUTOS = YES_AGGRESSIVE;
				GCC_WARN_UNUSED_FUNCTION = YES;
				GCC_WARN_UNUSED_VARIABLE = YES;
				IPHONEOS_DEPLOYMENT_TARGET = 10.3;
				MTL_ENABLE_DEBUG_INFO = NO;
				SDKROOT = iphoneos;
				SWIFT_OPTIMIZATION_LEVEL = "-Owholemodule";
				VALIDATE_PRODUCT = YES;
			};
			name = Release;
		};
		7078B5151EC721FA00893F6C /* Debug */ = {
			isa = XCBuildConfiguration;
			buildSettings = {
				ASSETCATALOG_COMPILER_APPICON_NAME = AppIcon;
				DEVELOPMENT_TEAM = "";
				INFOPLIST_FILE = ClipImage/Info.plist;
				IPHONEOS_DEPLOYMENT_TARGET = 8.0;
				LD_RUNPATH_SEARCH_PATHS = "$(inherited) @executable_path/Frameworks";
				PRODUCT_BUNDLE_IDENTIFIER = com.hujunhua.ClipImage;
				PRODUCT_NAME = "$(TARGET_NAME)";
				SWIFT_VERSION = 5.0;
			};
			name = Debug;
		};
		7078B5161EC721FA00893F6C /* Release */ = {
			isa = XCBuildConfiguration;
			buildSettings = {
				ASSETCATALOG_COMPILER_APPICON_NAME = AppIcon;
				DEVELOPMENT_TEAM = "";
				INFOPLIST_FILE = ClipImage/Info.plist;
				IPHONEOS_DEPLOYMENT_TARGET = 8.0;
				LD_RUNPATH_SEARCH_PATHS = "$(inherited) @executable_path/Frameworks";
				PRODUCT_BUNDLE_IDENTIFIER = com.hujunhua.ClipImage;
				PRODUCT_NAME = "$(TARGET_NAME)";
				SWIFT_VERSION = 5.0;
			};
			name = Release;
		};
/* End XCBuildConfiguration section */

/* Begin XCConfigurationList section */
		7078B4FD1EC721FA00893F6C /* Build configuration list for PBXProject "ClipImage" */ = {
			isa = XCConfigurationList;
			buildConfigurations = (
				7078B5121EC721FA00893F6C /* Debug */,
				7078B5131EC721FA00893F6C /* Release */,
			);
			defaultConfigurationIsVisible = 0;
			defaultConfigurationName = Release;
		};
		7078B5141EC721FA00893F6C /* Build configuration list for PBXNativeTarget "ClipImage" */ = {
			isa = XCConfigurationList;
			buildConfigurations = (
				7078B5151EC721FA00893F6C /* Debug */,
				7078B5161EC721FA00893F6C /* Release */,
			);
			defaultConfigurationIsVisible = 0;
			defaultConfigurationName = Release;
		};
/* End XCConfigurationList section */
	};
	rootObject = 7078B4FA1EC721FA00893F6C /* Project object */;
}
